
Microsoft Visual Studio Solution File, Format Version 10.00
# Visual Studio 2008
Project("{D183A3D8-5FD8-494B-B014-37F57B35E655}") = "TKARecordsDataWareHouse", "TKARecordsDataWareHouse\TKARecordsDataWareHouse.dtproj", "{1A18FD7F-17AF-4ACA-9883-9134DB117B77}"
EndProject
Global
	GlobalSection(SolutionConfigurationPlatforms) = preSolution
		Development|Default = Development|Default
	EndGlobalSection
	GlobalSection(ProjectConfigurationPlatforms) = postSolution
		{1A18FD7F-17AF-4ACA-9883-9134DB117B77}.Development|Default.ActiveCfg = Development
		{1A18FD7F-17AF-4ACA-9883-9134DB117B77}.Development|Default.Build.0 = Development
	EndGlobalSection
	GlobalSection(SolutionProperties) = preSolution
		HideSolutionNode = FALSE
	EndGlobalSection
EndGlobal
